
Microsoft Visual Studio Solution File, Format Version 12.00
# Visual Studio Version 16
VisualStudioVersion = 16.0.31005.135
MinimumVisualStudioVersion = 10.0.40219.1
Project("{FAE04EC0-301F-11D3-BF4B-00C04F79EFBC}") = "RegistrationApp", "RegistrationApp.csproj", "{92FB8D10-744E-4EF6-A845-FC2BAC567533}"
EndProject
Global
	GlobalSection(SolutionConfigurationPlatforms) = preSolution
		Debug|Any CPU = Debug|Any CPU
		Release|Any CPU = Release|Any CPU
	EndGlobalSection
	GlobalSection(ProjectConfigurationPlatforms) = postSolution
		{92FB8D10-744E-4EF6-A845-FC2BAC567533}.Debug|Any CPU.ActiveCfg = Debug|Any CPU
		{92FB8D10-744E-4EF6-A845-FC2BAC567533}.Debug|Any CPU.Build.0 = Debug|Any CPU
		{92FB8D10-744E-4EF6-A845-FC2BAC567533}.Release|Any CPU.ActiveCfg = Release|Any CPU
		{92FB8D10-744E-4EF6-A845-FC2BAC567533}.Release|Any CPU.Build.0 = Release|Any CPU
	EndGlobalSection
	GlobalSection(SolutionProperties) = preSolution
		HideSolutionNode = FALSE
	EndGlobalSection
	GlobalSection(ExtensibilityGlobals) = postSolution
		SolutionGuid = {677232B2-8C49-430D-A86C-E50716B6A9FF}
	EndGlobalSection
EndGlobal
